
Microsoft Visual Studio Solution File, Format Version 12.00
# Visual Studio Version 16
VisualStudioVersion = 16.0.34031.81
MinimumVisualStudioVersion = 10.0.40219.1
Project("{2150E333-8FDC-42A3-9474-1A3956D46DE8}") = "Task0", "Task0", "{880A7933-AA95-4062-9232-93B4F962705B}"
EndProject
Project("{FAE04EC0-301F-11D3-BF4B-00C04F79EFBC}") = "Tyuiu.KubrikND.Sprint1.Task0.V0", "Tyuiu.KubrikND.Sprint1.Task0.V0\Tyuiu.KubrikND.Sprint1.Task0.V0.csproj", "{53A4E0EA-1CE5-4D40-9676-237079174577}"
EndProject
Project("{FAE04EC0-301F-11D3-BF4B-00C04F79EFBC}") = "Tyuiu.KubrikND.Sprint1.Task0.V0.Test", "Tyuiu.KubrikND.Sprint1.Task0.V0.Test\Tyuiu.KubrikND.Sprint1.Task0.V0.Test.csproj", "{DD9B49F7-03BF-4E5A-B26F-953029DAA5E0}"
EndProject
Project("{FAE04EC0-301F-11D3-BF4B-00C04F79EFBC}") = "Tyuiu.KubrikND.Sprint1.Task0.V0.Lib", "Tyuiu.KubrikND.Sprint1.Task0.V0.Lib\Tyuiu.KubrikND.Sprint1.Task0.V0.Lib.csproj", "{F8E2EE38-EF79-48CA-BBB8-0B8AB247A680}"
EndProject
Project("{2150E333-8FDC-42A3-9474-1A3956D46DE8}") = "Task1", "Task1", "{E3B385A4-E7D6-4390-9EAD-3A3D14CCF91E}"
EndProject
Project("{FAE04EC0-301F-11D3-BF4B-00C04F79EFBC}") = "Tyuiu.KubrikND.Sprint1.Task1.V0.Lib", "Tyuiu.KubrikND.Sprint1.Task1.V0.Lib\Tyuiu.KubrikND.Sprint1.Task1.V0.Lib.csproj", "{E25B0A2C-3DC7-4FC3-AA65-84F172E9478E}"
EndProject
Project("{FAE04EC0-301F-11D3-BF4B-00C04F79EFBC}") = "Tyuiu.KubrikND.Sprint1.Task1.V0.Test", "Tyuiu.KubrikND.Sprint1.Task1.V0.Test\Tyuiu.KubrikND.Sprint1.Task1.V0.Test.csproj", "{BBFD99A2-8813-4679-88B4-3C94ECDE98D5}"
EndProject
Project("{FAE04EC0-301F-11D3-BF4B-00C04F79EFBC}") = "Tyuiu.KubrikND.Sprint1.Task1.V0", "Tyuiu.KubrikND.Sprint1.Task1.V0\Tyuiu.KubrikND.Sprint1.Task1.V0.csproj", "{B802AEB7-5E3D-41C2-8AA5-85DC87E97F68}"
EndProject
Project("{2150E333-8FDC-42A3-9474-1A3956D46DE8}") = "Task1(v19)", "Task1(v19)", "{7E8668DD-2E26-42E9-9043-CEC1770F228F}"
EndProject
Project("{FAE04EC0-301F-11D3-BF4B-00C04F79EFBC}") = "Tyuiu.KubrikND.Sprint1.Task1.V19", "Tyuiu.KubrikND.Sprint1.Task1.V19\Tyuiu.KubrikND.Sprint1.Task1.V19.csproj", "{F3867581-70CC-4B32-9A32-147A9EFB1710}"
EndProject
Project("{FAE04EC0-301F-11D3-BF4B-00C04F79EFBC}") = "Tyuiu.KubrikND.Sprint1.Task1.V19.Test", "Tyuiu.KubrikND.Sprint1.Task1.V19.Test\Tyuiu.KubrikND.Sprint1.Task1.V19.Test.csproj", "{72883674-D647-4BCF-8A69-B4E173693788}"
EndProject
Project("{FAE04EC0-301F-11D3-BF4B-00C04F79EFBC}") = "Tyuiu.KubrikND.Sprint1.Task1.V19.Lib", "Tyuiu.KubrikND.Sprint1.Task1.V19.Lib\Tyuiu.KubrikND.Sprint1.Task1.V19.Lib.csproj", "{804318C4-C021-4003-80D6-A2EC656255D8}"
EndProject
Project("{2150E333-8FDC-42A3-9474-1A3956D46DE8}") = "Task2", "Task2", "{7ED23B68-0166-4EEC-AF52-F4446E987B30}"
EndProject
Project("{FAE04EC0-301F-11D3-BF4B-00C04F79EFBC}") = "Tyuiu.KubrikND.Sprint1.Task2.V0.Lib", "Tyuiu.KubrikND.Sprint1.Task2.V0.Lib\Tyuiu.KubrikND.Sprint1.Task2.V0.Lib.csproj", "{1A837570-8433-4A16-940B-81BA2E81CFF1}"
EndProject
Project("{FAE04EC0-301F-11D3-BF4B-00C04F79EFBC}") = "Tyuiu.KubrikND.Sprint1.Task2.V0.Test", "Tyuiu.KubrikND.Sprint1.Task2.V0.Test\Tyuiu.KubrikND.Sprint1.Task2.V0.Test.csproj", "{36202CFA-76B5-4113-9076-056E2F1F6EBD}"
EndProject
Project("{FAE04EC0-301F-11D3-BF4B-00C04F79EFBC}") = "Tyuiu.KubrikND.Sprint1.Task2.V0", "Tyuiu.KubrikND.Sprint1.Task2.V0\Tyuiu.KubrikND.Sprint1.Task2.V0.csproj", "{E2A9B8B9-A61F-4AFE-A247-A43535AAF6CF}"
EndProject
Project("{2150E333-8FDC-42A3-9474-1A3956D46DE8}") = "Task2(v8)", "Task2(v8)", "{7D251878-98D2-48D6-BDCF-31D008DFA403}"
EndProject
Project("{FAE04EC0-301F-11D3-BF4B-00C04F79EFBC}") = "Tyuiu.KubrikND.Sprint1.Task2.V8.Lib", "Tyuiu.KubrikND.Sprint1.Task2.V8.Lib\Tyuiu.KubrikND.Sprint1.Task2.V8.Lib.csproj", "{F4460AD6-A54C-447E-B79A-AE2BBCAA4C57}"
EndProject
Project("{FAE04EC0-301F-11D3-BF4B-00C04F79EFBC}") = "Tyuiu.KubrikND.Sprint1.Task2.V8.Test", "Tyuiu.KubrikND.Sprint1.Task2.V8.Test\Tyuiu.KubrikND.Sprint1.Task2.V8.Test.csproj", "{A1AAC897-BD94-47B1-9A69-DD1EBA14F44D}"
EndProject
Project("{FAE04EC0-301F-11D3-BF4B-00C04F79EFBC}") = "Tyuiu.KubrikND.Sprint1.Task2.V8", "Tyuiu.KubrikND.Sprint1.Task2.V8\Tyuiu.KubrikND.Sprint1.Task2.V8.csproj", "{7E9C7D20-6FCE-4D3C-9A72-CCB2BF5FC4CC}"
EndProject
Project("{2150E333-8FDC-42A3-9474-1A3956D46DE8}") = "Task3", "Task3", "{53246F96-F7E5-4A0F-A11B-8BADA4731E01}"
EndProject
Project("{FAE04EC0-301F-11D3-BF4B-00C04F79EFBC}") = "Tyuiu.KubrikND.Sprint1.Task3.V0", "Tyuiu.KubrikND.Sprint1.Task3.V0\Tyuiu.KubrikND.Sprint1.Task3.V0.csproj", "{5DB44D72-6544-4BFC-90D4-1EFC5649752C}"
EndProject
Project("{FAE04EC0-301F-11D3-BF4B-00C04F79EFBC}") = "Tyuiu.KubrikND.Sprint1.Task3.V0.Test", "Tyuiu.KubrikND.Sprint1.Task3.V0.Test\Tyuiu.KubrikND.Sprint1.Task3.V0.Test.csproj", "{212925C8-AD4B-4908-9D81-ABEF64EDA0F9}"
EndProject
Project("{FAE04EC0-301F-11D3-BF4B-00C04F79EFBC}") = "Tyuiu.KubrikND.Sprint1.Task3.V0.Lib", "Tyuiu.KubrikND.Sprint1.Task3.V0.Lib\Tyuiu.KubrikND.Sprint1.Task3.V0.Lib.csproj", "{3B8DBF4E-A921-4691-A316-1FFEB734F892}"
EndProject
Project("{2150E333-8FDC-42A3-9474-1A3956D46DE8}") = "Task3(v14)", "Task3(v14)", "{D86A5DBD-8CBB-47E0-8079-332E09CBE280}"
EndProject
Project("{FAE04EC0-301F-11D3-BF4B-00C04F79EFBC}") = "Tyuiu.KubrikND.Sprint1.Task3.V14.Lib", "Tyuiu.KubrikND.Sprint1.Task3.V14.Lib\Tyuiu.KubrikND.Sprint1.Task3.V14.Lib.csproj", "{A8F7E228-7855-4164-8CC7-645E1A413C1C}"
EndProject
Project("{FAE04EC0-301F-11D3-BF4B-00C04F79EFBC}") = "Tyuiu.KubrikND.Sprint1.Task3.V14.Test", "Tyuiu.KubrikND.Sprint1.Task3.V14.Test\Tyuiu.KubrikND.Sprint1.Task3.V14.Test.csproj", "{F3BA9422-4D33-459D-9963-80E87F0CAA6E}"
EndProject
Project("{FAE04EC0-301F-11D3-BF4B-00C04F79EFBC}") = "Tyuiu.KubrikND.Sprint1.Task3.V14", "Tyuiu.KubrikND.Sprint1.Task3.V14\Tyuiu.KubrikND.Sprint1.Task3.V14.csproj", "{29E0E0DA-CD95-4B43-883D-B7E5D373251A}"
EndProject
Project("{2150E333-8FDC-42A3-9474-1A3956D46DE8}") = "Task4", "Task4", "{00077CEB-3359-4BC1-9820-4944684F3073}"
EndProject
Project("{FAE04EC0-301F-11D3-BF4B-00C04F79EFBC}") = "Tyuiu.KubrikND.Sprint1.Task4.V0", "Tyuiu.KubrikND.Sprint1.Task4.V0\Tyuiu.KubrikND.Sprint1.Task4.V0.csproj", "{D1E710D8-3087-4666-8489-A4C08851BF6E}"
EndProject
Project("{FAE04EC0-301F-11D3-BF4B-00C04F79EFBC}") = "Tyuiu.KubrikND.Sprint1.Task4.V0.Test", "Tyuiu.KubrikND.Sprint1.Task4.V0.Test\Tyuiu.KubrikND.Sprint1.Task4.V0.Test.csproj", "{E4C794C4-B2C7-4F7C-8514-7ADD567E6E9A}"
EndProject
Project("{FAE04EC0-301F-11D3-BF4B-00C04F79EFBC}") = "Tyuiu.KubrikND.Sprint1.Task4.V0.Lib", "Tyuiu.KubrikND.Sprint1.Task4.V0.Lib\Tyuiu.KubrikND.Sprint1.Task4.V0.Lib.csproj", "{5780828A-190B-4F2C-8705-0BAF3D140802}"
EndProject
Project("{2150E333-8FDC-42A3-9474-1A3956D46DE8}") = "Task4(v29)", "Task4(v29)", "{886B150F-C4B3-4922-B177-5530547E58DA}"
EndProject
Project("{FAE04EC0-301F-11D3-BF4B-00C04F79EFBC}") = "Tyuiu.KubrikND.Sprint1.Task4.V29.Lib", "Tyuiu.KubrikND.Sprint1.Task4.V29.Lib\Tyuiu.KubrikND.Sprint1.Task4.V29.Lib.csproj", "{D862B8E6-0A0B-4973-815B-FC559A016B54}"
EndProject
Project("{FAE04EC0-301F-11D3-BF4B-00C04F79EFBC}") = "Tyuiu.KubrikND.Sprint1.Task4.V29.Test", "Tyuiu.KubrikND.Sprint1.Task4.V29.Test\Tyuiu.KubrikND.Sprint1.Task4.V29.Test.csproj", "{0B1FE058-4864-42BD-9674-2F10249BC1EE}"
EndProject
Project("{FAE04EC0-301F-11D3-BF4B-00C04F79EFBC}") = "Tyuiu.KubrikND.Sprint1.Task4.V29", "Tyuiu.KubrikND.Sprint1.Task4.V29\Tyuiu.KubrikND.Sprint1.Task4.V29.csproj", "{30CF03A0-E4DC-4A6D-9708-C62AABCAE010}"
EndProject
Project("{2150E333-8FDC-42A3-9474-1A3956D46DE8}") = "Task5", "Task5", "{ED3341A0-8ECC-43CC-AD04-30ADB562082B}"
EndProject
Project("{FAE04EC0-301F-11D3-BF4B-00C04F79EFBC}") = "Tyuiu.KubrikND.Sprint1.Task5.V0", "Tyuiu.KubrikND.Sprint1.Task5.V0\Tyuiu.KubrikND.Sprint1.Task5.V0.csproj", "{C9411EF5-3BB7-4227-9901-8F762C178200}"
EndProject
Project("{FAE04EC0-301F-11D3-BF4B-00C04F79EFBC}") = "Tyuiu.KubrikND.Sprint1.Task5.V0.Test", "Tyuiu.KubrikND.Sprint1.Task5.V0.Test\Tyuiu.KubrikND.Sprint1.Task5.V0.Test.csproj", "{12922A07-80EE-4198-9825-A1D595184E09}"
EndProject
Project("{FAE04EC0-301F-11D3-BF4B-00C04F79EFBC}") = "Tyuiu.KubrikND.Sprint1.Task5.V0.Lib", "Tyuiu.KubrikND.Sprint1.Task5.V0.Lib\Tyuiu.KubrikND.Sprint1.Task5.V0.Lib.csproj", "{B24EA694-5B3C-403F-84F7-C0BB5072B2D4}"
EndProject
Global
	GlobalSection(SolutionConfigurationPlatforms) = preSolution
		Debug|Any CPU = Debug|Any CPU
		Release|Any CPU = Release|Any CPU
	EndGlobalSection
	GlobalSection(ProjectConfigurationPlatforms) = postSolution
		{53A4E0EA-1CE5-4D40-9676-237079174577}.Debug|Any CPU.ActiveCfg = Debug|Any CPU
		{53A4E0EA-1CE5-4D40-9676-237079174577}.Debug|Any CPU.Build.0 = Debug|Any CPU
		{53A4E0EA-1CE5-4D40-9676-237079174577}.Release|Any CPU.ActiveCfg = Release|Any CPU
		{53A4E0EA-1CE5-4D40-9676-237079174577}.Release|Any CPU.Build.0 = Release|Any CPU
		{DD9B49F7-03BF-4E5A-B26F-953029DAA5E0}.Debug|Any CPU.ActiveCfg = Debug|Any CPU
		{DD9B49F7-03BF-4E5A-B26F-953029DAA5E0}.Debug|Any CPU.Build.0 = Debug|Any CPU
		{DD9B49F7-03BF-4E5A-B26F-953029DAA5E0}.Release|Any CPU.ActiveCfg = Release|Any CPU
		{DD9B49F7-03BF-4E5A-B26F-953029DAA5E0}.Release|Any CPU.Build.0 = Release|Any CPU
		{F8E2EE38-EF79-48CA-BBB8-0B8AB247A680}.Debug|Any CPU.ActiveCfg = Debug|Any CPU
		{F8E2EE38-EF79-48CA-BBB8-0B8AB247A680}.Debug|Any CPU.Build.0 = Debug|Any CPU
		{F8E2EE38-EF79-48CA-BBB8-0B8AB247A680}.Release|Any CPU.ActiveCfg = Release|Any CPU
		{F8E2EE38-EF79-48CA-BBB8-0B8AB247A680}.Release|Any CPU.Build.0 = Release|Any CPU
		{E25B0A2C-3DC7-4FC3-AA65-84F172E9478E}.Debug|Any CPU.ActiveCfg = Debug|Any CPU
		{E25B0A2C-3DC7-4FC3-AA65-84F172E9478E}.Debug|Any CPU.Build.0 = Debug|Any CPU
		{E25B0A2C-3DC7-4FC3-AA65-84F172E9478E}.Release|Any CPU.ActiveCfg = Release|Any CPU
		{E25B0A2C-3DC7-4FC3-AA65-84F172E9478E}.Release|Any CPU.Build.0 = Release|Any CPU
		{BBFD99A2-8813-4679-88B4-3C94ECDE98D5}.Debug|Any CPU.ActiveCfg = Debug|Any CPU
		{BBFD99A2-8813-4679-88B4-3C94ECDE98D5}.Debug|Any CPU.Build.0 = Debug|Any CPU
		{BBFD99A2-8813-4679-88B4-3C94ECDE98D5}.Release|Any CPU.ActiveCfg = Release|Any CPU
		{BBFD99A2-8813-4679-88B4-3C94ECDE98D5}.Release|Any CPU.Build.0 = Release|Any CPU
		{B802AEB7-5E3D-41C2-8AA5-85DC87E97F68}.Debug|Any CPU.ActiveCfg = Debug|Any CPU
		{B802AEB7-5E3D-41C2-8AA5-85DC87E97F68}.Debug|Any CPU.Build.0 = Debug|Any CPU
		{B802AEB7-5E3D-41C2-8AA5-85DC87E97F68}.Release|Any CPU.ActiveCfg = Release|Any CPU
		{B802AEB7-5E3D-41C2-8AA5-85DC87E97F68}.Release|Any CPU.Build.0 = Release|Any CPU
		{F3867581-70CC-4B32-9A32-147A9EFB1710}.Debug|Any CPU.ActiveCfg = Debug|Any CPU
		{F3867581-70CC-4B32-9A32-147A9EFB1710}.Debug|Any CPU.Build.0 = Debug|Any CPU
		{F3867581-70CC-4B32-9A32-147A9EFB1710}.Release|Any CPU.ActiveCfg = Release|Any CPU
		{F3867581-70CC-4B32-9A32-147A9EFB1710}.Release|Any CPU.Build.0 = Release|Any CPU
		{72883674-D647-4BCF-8A69-B4E173693788}.Debug|Any CPU.ActiveCfg = Debug|Any CPU
		{72883674-D647-4BCF-8A69-B4E173693788}.Debug|Any CPU.Build.0 = Debug|Any CPU
		{72883674-D647-4BCF-8A69-B4E173693788}.Release|Any CPU.ActiveCfg = Release|Any CPU
		{72883674-D647-4BCF-8A69-B4E173693788}.Release|Any CPU.Build.0 = Release|Any CPU
		{804318C4-C021-4003-80D6-A2EC656255D8}.Debug|Any CPU.ActiveCfg = Debug|Any CPU
		{804318C4-C021-4003-80D6-A2EC656255D8}.Debug|Any CPU.Build.0 = Debug|Any CPU
		{804318C4-C021-4003-80D6-A2EC656255D8}.Release|Any CPU.ActiveCfg = Release|Any CPU
		{804318C4-C021-4003-80D6-A2EC656255D8}.Release|Any CPU.Build.0 = Release|Any CPU
		{1A837570-8433-4A16-940B-81BA2E81CFF1}.Debug|Any CPU.ActiveCfg = Debug|Any CPU
		{1A837570-8433-4A16-940B-81BA2E81CFF1}.Debug|Any CPU.Build.0 = Debug|Any CPU
		{1A837570-8433-4A16-940B-81BA2E81CFF1}.Release|Any CPU.ActiveCfg = Release|Any CPU
		{1A837570-8433-4A16-940B-81BA2E81CFF1}.Release|Any CPU.Build.0 = Release|Any CPU
		{36202CFA-76B5-4113-9076-056E2F1F6EBD}.Debug|Any CPU.ActiveCfg = Debug|Any CPU
		{36202CFA-76B5-4113-9076-056E2F1F6EBD}.Debug|Any CPU.Build.0 = Debug|Any CPU
		{36202CFA-76B5-4113-9076-056E2F1F6EBD}.Release|Any CPU.ActiveCfg = Release|Any CPU
		{36202CFA-76B5-4113-9076-056E2F1F6EBD}.Release|Any CPU.Build.0 = Release|Any CPU
		{E2A9B8B9-A61F-4AFE-A247-A43535AAF6CF}.Debug|Any CPU.ActiveCfg = Debug|Any CPU
		{E2A9B8B9-A61F-4AFE-A247-A43535AAF6CF}.Debug|Any CPU.Build.0 = Debug|Any CPU
		{E2A9B8B9-A61F-4AFE-A247-A43535AAF6CF}.Release|Any CPU.ActiveCfg = Release|Any CPU
		{E2A9B8B9-A61F-4AFE-A247-A43535AAF6CF}.Release|Any CPU.Build.0 = Release|Any CPU
		{F4460AD6-A54C-447E-B79A-AE2BBCAA4C57}.Debug|Any CPU.ActiveCfg = Debug|Any CPU
		{F4460AD6-A54C-447E-B79A-AE2BBCAA4C57}.Debug|Any CPU.Build.0 = Debug|Any CPU
		{F4460AD6-A54C-447E-B79A-AE2BBCAA4C57}.Release|Any CPU.ActiveCfg = Release|Any CPU
		{F4460AD6-A54C-447E-B79A-AE2BBCAA4C57}.Release|Any CPU.Build.0 = Release|Any CPU
		{A1AAC897-BD94-47B1-9A69-DD1EBA14F44D}.Debug|Any CPU.ActiveCfg = Debug|Any CPU
		{A1AAC897-BD94-47B1-9A69-DD1EBA14F44D}.Debug|Any CPU.Build.0 = Debug|Any CPU
		{A1AAC897-BD94-47B1-9A69-DD1EBA14F44D}.Release|Any CPU.ActiveCfg = Release|Any CPU
		{A1AAC897-BD94-47B1-9A69-DD1EBA14F44D}.Release|Any CPU.Build.0 = Release|Any CPU
		{7E9C7D20-6FCE-4D3C-9A72-CCB2BF5FC4CC}.Debug|Any CPU.ActiveCfg = Debug|Any CPU
		{7E9C7D20-6FCE-4D3C-9A72-CCB2BF5FC4CC}.Debug|Any CPU.Build.0 = Debug|Any CPU
		{7E9C7D20-6FCE-4D3C-9A72-CCB2BF5FC4CC}.Release|Any CPU.ActiveCfg = Release|Any CPU
		{7E9C7D20-6FCE-4D3C-9A72-CCB2BF5FC4CC}.Release|Any CPU.Build.0 = Release|Any CPU
		{5DB44D72-6544-4BFC-90D4-1EFC5649752C}.Debug|Any CPU.ActiveCfg = Debug|Any CPU
		{5DB44D72-6544-4BFC-90D4-1EFC5649752C}.Debug|Any CPU.Build.0 = Debug|Any CPU
		{5DB44D72-6544-4BFC-90D4-1EFC5649752C}.Release|Any CPU.ActiveCfg = Release|Any CPU
		{5DB44D72-6544-4BFC-90D4-1EFC5649752C}.Release|Any CPU.Build.0 = Release|Any CPU
		{212925C8-AD4B-4908-9D81-ABEF64EDA0F9}.Debug|Any CPU.ActiveCfg = Debug|Any CPU
		{212925C8-AD4B-4908-9D81-ABEF64EDA0F9}.Debug|Any CPU.Build.0 = Debug|Any CPU
		{212925C8-AD4B-4908-9D81-ABEF64EDA0F9}.Release|Any CPU.ActiveCfg = Release|Any CPU
		{212925C8-AD4B-4908-9D81-ABEF64EDA0F9}.Release|Any CPU.Build.0 = Release|Any CPU
		{3B8DBF4E-A921-4691-A316-1FFEB734F892}.Debug|Any CPU.ActiveCfg = Debug|Any CPU
		{3B8DBF4E-A921-4691-A316-1FFEB734F892}.Debug|Any CPU.Build.0 = Debug|Any CPU
		{3B8DBF4E-A921-4691-A316-1FFEB734F892}.Release|Any CPU.ActiveCfg = Release|Any CPU
		{3B8DBF4E-A921-4691-A316-1FFEB734F892}.Release|Any CPU.Build.0 = Release|Any CPU
		{A8F7E228-7855-4164-8CC7-645E1A413C1C}.Debug|Any CPU.ActiveCfg = Debug|Any CPU
		{A8F7E228-7855-4164-8CC7-645E1A413C1C}.Debug|Any CPU.Build.0 = Debug|Any CPU
		{A8F7E228-7855-4164-8CC7-645E1A413C1C}.Release|Any CPU.ActiveCfg = Release|Any CPU
		{A8F7E228-7855-4164-8CC7-645E1A413C1C}.Release|Any CPU.Build.0 = Release|Any CPU
		{F3BA9422-4D33-459D-9963-80E87F0CAA6E}.Debug|Any CPU.ActiveCfg = Debug|Any CPU
		{F3BA9422-4D33-459D-9963-80E87F0CAA6E}.Debug|Any CPU.Build.0 = Debug|Any CPU
		{F3BA9422-4D33-459D-9963-80E87F0CAA6E}.Release|Any CPU.ActiveCfg = Release|Any CPU
		{F3BA9422-4D33-459D-9963-80E87F0CAA6E}.Release|Any CPU.Build.0 = Release|Any CPU
		{29E0E0DA-CD95-4B43-883D-B7E5D373251A}.Debug|Any CPU.ActiveCfg = Debug|Any CPU
		{29E0E0DA-CD95-4B43-883D-B7E5D373251A}.Debug|Any CPU.Build.0 = Debug|Any CPU
		{29E0E0DA-CD95-4B43-883D-B7E5D373251A}.Release|Any CPU.ActiveCfg = Release|Any CPU
		{29E0E0DA-CD95-4B43-883D-B7E5D373251A}.Release|Any CPU.Build.0 = Release|Any CPU
		{D1E710D8-3087-4666-8489-A4C08851BF6E}.Debug|Any CPU.ActiveCfg = Debug|Any CPU
		{D1E710D8-3087-4666-8489-A4C08851BF6E}.Debug|Any CPU.Build.0 = Debug|Any CPU
		{D1E710D8-3087-4666-8489-A4C08851BF6E}.Release|Any CPU.ActiveCfg = Release|Any CPU
		{D1E710D8-3087-4666-8489-A4C08851BF6E}.Release|Any CPU.Build.0 = Release|Any CPU
		{E4C794C4-B2C7-4F7C-8514-7ADD567E6E9A}.Debug|Any CPU.ActiveCfg = Debug|Any CPU
		{E4C794C4-B2C7-4F7C-8514-7ADD567E6E9A}.Debug|Any CPU.Build.0 = Debug|Any CPU
		{E4C794C4-B2C7-4F7C-8514-7ADD567E6E9A}.Release|Any CPU.ActiveCfg = Release|Any CPU
		{E4C794C4-B2C7-4F7C-8514-7ADD567E6E9A}.Release|Any CPU.Build.0 = Release|Any CPU
		{5780828A-190B-4F2C-8705-0BAF3D140802}.Debug|Any CPU.ActiveCfg = Debug|Any CPU
		{5780828A-190B-4F2C-8705-0BAF3D140802}.Debug|Any CPU.Build.0 = Debug|Any CPU
		{5780828A-190B-4F2C-8705-0BAF3D140802}.Release|Any CPU.ActiveCfg = Release|Any CPU
		{5780828A-190B-4F2C-8705-0BAF3D140802}.Release|Any CPU.Build.0 = Release|Any CPU
		{D862B8E6-0A0B-4973-815B-FC559A016B54}.Debug|Any CPU.ActiveCfg = Debug|Any CPU
		{D862B8E6-0A0B-4973-815B-FC559A016B54}.Debug|Any CPU.Build.0 = Debug|Any CPU
		{D862B8E6-0A0B-4973-815B-FC559A016B54}.Release|Any CPU.ActiveCfg = Release|Any CPU
		{D862B8E6-0A0B-4973-815B-FC559A016B54}.Release|Any CPU.Build.0 = Release|Any CPU
		{0B1FE058-4864-42BD-9674-2F10249BC1EE}.Debug|Any CPU.ActiveCfg = Debug|Any CPU
		{0B1FE058-4864-42BD-9674-2F10249BC1EE}.Debug|Any CPU.Build.0 = Debug|Any CPU
		{0B1FE058-4864-42BD-9674-2F10249BC1EE}.Release|Any CPU.ActiveCfg = Release|Any CPU
		{0B1FE058-4864-42BD-9674-2F10249BC1EE}.Release|Any CPU.Build.0 = Release|Any CPU
		{30CF03A0-E4DC-4A6D-9708-C62AABCAE010}.Debug|Any CPU.ActiveCfg = Debug|Any CPU
		{30CF03A0-E4DC-4A6D-9708-C62AABCAE010}.Debug|Any CPU.Build.0 = Debug|Any CPU
		{30CF03A0-E4DC-4A6D-9708-C62AABCAE010}.Release|Any CPU.ActiveCfg = Release|Any CPU
		{30CF03A0-E4DC-4A6D-9708-C62AABCAE010}.Release|Any CPU.Build.0 = Release|Any CPU
		{C9411EF5-3BB7-4227-9901-8F762C178200}.Debug|Any CPU.ActiveCfg = Debug|Any CPU
		{C9411EF5-3BB7-4227-9901-8F762C178200}.Debug|Any CPU.Build.0 = Debug|Any CPU
		{C9411EF5-3BB7-4227-9901-8F762C178200}.Release|Any CPU.ActiveCfg = Release|Any CPU
		{C9411EF5-3BB7-4227-9901-8F762C178200}.Release|Any CPU.Build.0 = Release|Any CPU
		{12922A07-80EE-4198-9825-A1D595184E09}.Debug|Any CPU.ActiveCfg = Debug|Any CPU
		{12922A07-80EE-4198-9825-A1D595184E09}.Debug|Any CPU.Build.0 = Debug|Any CPU
		{12922A07-80EE-4198-9825-A1D595184E09}.Release|Any CPU.ActiveCfg = Release|Any CPU
		{12922A07-80EE-4198-9825-A1D595184E09}.Release|Any CPU.Build.0 = Release|Any CPU
		{B24EA694-5B3C-403F-84F7-C0BB5072B2D4}.Debug|Any CPU.ActiveCfg = Debug|Any CPU
		{B24EA694-5B3C-403F-84F7-C0BB5072B2D4}.Debug|Any CPU.Build.0 = Debug|Any CPU
		{B24EA694-5B3C-403F-84F7-C0BB5072B2D4}.Release|Any CPU.ActiveCfg = Release|Any CPU
		{B24EA694-5B3C-403F-84F7-C0BB5072B2D4}.Release|Any CPU.Build.0 = Release|Any CPU
	EndGlobalSection
	GlobalSection(SolutionProperties) = preSolution
		HideSolutionNode = FALSE
	EndGlobalSection
	GlobalSection(NestedProjects) = preSolution
		{53A4E0EA-1CE5-4D40-9676-237079174577} = {880A7933-AA95-4062-9232-93B4F962705B}
		{DD9B49F7-03BF-4E5A-B26F-953029DAA5E0} = {880A7933-AA95-4062-9232-93B4F962705B}
		{F8E2EE38-EF79-48CA-BBB8-0B8AB247A680} = {880A7933-AA95-4062-9232-93B4F962705B}
		{E25B0A2C-3DC7-4FC3-AA65-84F172E9478E} = {E3B385A4-E7D6-4390-9EAD-3A3D14CCF91E}
		{BBFD99A2-8813-4679-88B4-3C94ECDE98D5} = {E3B385A4-E7D6-4390-9EAD-3A3D14CCF91E}
		{B802AEB7-5E3D-41C2-8AA5-85DC87E97F68} = {E3B385A4-E7D6-4390-9EAD-3A3D14CCF91E}
		{F3867581-70CC-4B32-9A32-147A9EFB1710} = {7E8668DD-2E26-42E9-9043-CEC1770F228F}
		{72883674-D647-4BCF-8A69-B4E173693788} = {7E8668DD-2E26-42E9-9043-CEC1770F228F}
		{804318C4-C021-4003-80D6-A2EC656255D8} = {7E8668DD-2E26-42E9-9043-CEC1770F228F}
		{1A837570-8433-4A16-940B-81BA2E81CFF1} = {7ED23B68-0166-4EEC-AF52-F4446E987B30}
		{36202CFA-76B5-4113-9076-056E2F1F6EBD} = {7ED23B68-0166-4EEC-AF52-F4446E987B30}
		{E2A9B8B9-A61F-4AFE-A247-A43535AAF6CF} = {7ED23B68-0166-4EEC-AF52-F4446E987B30}
		{F4460AD6-A54C-447E-B79A-AE2BBCAA4C57} = {7D251878-98D2-48D6-BDCF-31D008DFA403}
		{A1AAC897-BD94-47B1-9A69-DD1EBA14F44D} = {7D251878-98D2-48D6-BDCF-31D008DFA403}
		{7E9C7D20-6FCE-4D3C-9A72-CCB2BF5FC4CC} = {7D251878-98D2-48D6-BDCF-31D008DFA403}
		{5DB44D72-6544-4BFC-90D4-1EFC5649752C} = {53246F96-F7E5-4A0F-A11B-8BADA4731E01}
		{212925C8-AD4B-4908-9D81-ABEF64EDA0F9} = {53246F96-F7E5-4A0F-A11B-8BADA4731E01}
		{3B8DBF4E-A921-4691-A316-1FFEB734F892} = {53246F96-F7E5-4A0F-A11B-8BADA4731E01}
		{A8F7E228-7855-4164-8CC7-645E1A413C1C} = {D86A5DBD-8CBB-47E0-8079-332E09CBE280}
		{F3BA9422-4D33-459D-9963-80E87F0CAA6E} = {D86A5DBD-8CBB-47E0-8079-332E09CBE280}
		{29E0E0DA-CD95-4B43-883D-B7E5D373251A} = {D86A5DBD-8CBB-47E0-8079-332E09CBE280}
		{D1E710D8-3087-4666-8489-A4C08851BF6E} = {00077CEB-3359-4BC1-9820-4944684F3073}
		{E4C794C4-B2C7-4F7C-8514-7ADD567E6E9A} = {00077CEB-3359-4BC1-9820-4944684F3073}
		{5780828A-190B-4F2C-8705-0BAF3D140802} = {00077CEB-3359-4BC1-9820-4944684F3073}
		{D862B8E6-0A0B-4973-815B-FC559A016B54} = {886B150F-C4B3-4922-B177-5530547E58DA}
		{0B1FE058-4864-42BD-9674-2F10249BC1EE} = {886B150F-C4B3-4922-B177-5530547E58DA}
		{30CF03A0-E4DC-4A6D-9708-C62AABCAE010} = {886B150F-C4B3-4922-B177-5530547E58DA}
		{C9411EF5-3BB7-4227-9901-8F762C178200} = {ED3341A0-8ECC-43CC-AD04-30ADB562082B}
		{12922A07-80EE-4198-9825-A1D595184E09} = {ED3341A0-8ECC-43CC-AD04-30ADB562082B}
		{B24EA694-5B3C-403F-84F7-C0BB5072B2D4} = {ED3341A0-8ECC-43CC-AD04-30ADB562082B}
	EndGlobalSection
	GlobalSection(ExtensibilityGlobals) = postSolution
		SolutionGuid = {C9CA2258-86F0-402E-BCF5-E424846F8927}
	EndGlobalSection
EndGlobal
